
Microsoft Visual Studio Solution File, Format Version 12.00
Project("{FAE04EC0-301F-11D3-BF4B-00C04F79EFBC}") = "DataLayer", "DataLayer\DataLayer.csproj", "{2F8A8FA5-D0EC-4C71-B608-BFE4FECE2E00}"
EndProject
Project("{FAE04EC0-301F-11D3-BF4B-00C04F79EFBC}") = "TestDatabase", "TestDatabase\TestDatabase.csproj", "{B60614BC-B94A-40F1-B9EB-94319DBAB1CE}"
EndProject
Project("{FAE04EC0-301F-11D3-BF4B-00C04F79EFBC}") = "TestDataLayer", "TestDataLayer\TestDataLayer.csproj", "{80D43939-1043-465C-8186-14DEE5FEBEA6}"
EndProject
Project("{FAE04EC0-301F-11D3-BF4B-00C04F79EFBC}") = "LogicLayer", "LogicLayer\LogicLayer.csproj", "{0D23CED0-4F16-4798-9692-82C1625E6645}"
EndProject
Project("{FAE04EC0-301F-11D3-BF4B-00C04F79EFBC}") = "PresentationLayer", "PresentationLayer\PresentationLayer.csproj", "{03059775-41C3-4528-A583-36C275B2754F}"
EndProject
Global
	GlobalSection(SolutionConfigurationPlatforms) = preSolution
		Debug|Any CPU = Debug|Any CPU
		Release|Any CPU = Release|Any CPU
	EndGlobalSection
	GlobalSection(ProjectConfigurationPlatforms) = postSolution
		{2F8A8FA5-D0EC-4C71-B608-BFE4FECE2E00}.Debug|Any CPU.ActiveCfg = Debug|Any CPU
		{2F8A8FA5-D0EC-4C71-B608-BFE4FECE2E00}.Debug|Any CPU.Build.0 = Debug|Any CPU
		{2F8A8FA5-D0EC-4C71-B608-BFE4FECE2E00}.Release|Any CPU.ActiveCfg = Release|Any CPU
		{2F8A8FA5-D0EC-4C71-B608-BFE4FECE2E00}.Release|Any CPU.Build.0 = Release|Any CPU
		{B60614BC-B94A-40F1-B9EB-94319DBAB1CE}.Debug|Any CPU.ActiveCfg = Debug|Any CPU
		{B60614BC-B94A-40F1-B9EB-94319DBAB1CE}.Debug|Any CPU.Build.0 = Debug|Any CPU
		{B60614BC-B94A-40F1-B9EB-94319DBAB1CE}.Release|Any CPU.ActiveCfg = Release|Any CPU
		{B60614BC-B94A-40F1-B9EB-94319DBAB1CE}.Release|Any CPU.Build.0 = Release|Any CPU
		{80D43939-1043-465C-8186-14DEE5FEBEA6}.Debug|Any CPU.ActiveCfg = Debug|Any CPU
		{80D43939-1043-465C-8186-14DEE5FEBEA6}.Debug|Any CPU.Build.0 = Debug|Any CPU
		{80D43939-1043-465C-8186-14DEE5FEBEA6}.Release|Any CPU.ActiveCfg = Release|Any CPU
		{80D43939-1043-465C-8186-14DEE5FEBEA6}.Release|Any CPU.Build.0 = Release|Any CPU
		{0D23CED0-4F16-4798-9692-82C1625E6645}.Debug|Any CPU.ActiveCfg = Debug|Any CPU
		{0D23CED0-4F16-4798-9692-82C1625E6645}.Debug|Any CPU.Build.0 = Debug|Any CPU
		{0D23CED0-4F16-4798-9692-82C1625E6645}.Release|Any CPU.ActiveCfg = Release|Any CPU
		{0D23CED0-4F16-4798-9692-82C1625E6645}.Release|Any CPU.Build.0 = Release|Any CPU
		{03059775-41C3-4528-A583-36C275B2754F}.Debug|Any CPU.ActiveCfg = Debug|Any CPU
		{03059775-41C3-4528-A583-36C275B2754F}.Debug|Any CPU.Build.0 = Debug|Any CPU
		{03059775-41C3-4528-A583-36C275B2754F}.Release|Any CPU.ActiveCfg = Release|Any CPU
		{03059775-41C3-4528-A583-36C275B2754F}.Release|Any CPU.Build.0 = Release|Any CPU
	EndGlobalSection
EndGlobal
