
Microsoft Visual Studio Solution File, Format Version 12.00
# Visual Studio 15
VisualStudioVersion = 15.0.28307.902
MinimumVisualStudioVersion = 10.0.40219.1
Project("{FAE04EC0-301F-11D3-BF4B-00C04F79EFBC}") = "DataLayer", "DataLayer\DataLayer.csproj", "{2F8A8FA5-D0EC-4C71-B608-BFE4FECE2E00}"
EndProject
Project("{FAE04EC0-301F-11D3-BF4B-00C04F79EFBC}") = "LogicLayer", "LogicLayer\LogicLayer.csproj", "{0D23CED0-4F16-4798-9692-82C1625E6645}"
EndProject
Project("{FAE04EC0-301F-11D3-BF4B-00C04F79EFBC}") = "GUI", "GUI\GUI.csproj", "{73BA93A9-C09A-4046-A190-9612519DD434}"
EndProject
Project("{00D1A9C2-B5F0-4AF3-8072-F6C62B433612}") = "DatabaseLayer", "DatabaseLayer\DatabaseLayer.sqlproj", "{52B25C79-A453-4EE2-A7CB-88D249B00062}"
EndProject
Project("{FAE04EC0-301F-11D3-BF4B-00C04F79EFBC}") = "UnitTests", "UnitTests\UnitTests.csproj", "{9815633C-6E30-42D2-A000-0E600ACFD91C}"
EndProject
Global
	GlobalSection(SolutionConfigurationPlatforms) = preSolution
		Debug|Any CPU = Debug|Any CPU
		Debug|x64 = Debug|x64
		Debug|x86 = Debug|x86
		Release|Any CPU = Release|Any CPU
		Release|x64 = Release|x64
		Release|x86 = Release|x86
	EndGlobalSection
	GlobalSection(ProjectConfigurationPlatforms) = postSolution
		{2F8A8FA5-D0EC-4C71-B608-BFE4FECE2E00}.Debug|Any CPU.ActiveCfg = Debug|Any CPU
		{2F8A8FA5-D0EC-4C71-B608-BFE4FECE2E00}.Debug|Any CPU.Build.0 = Debug|Any CPU
		{2F8A8FA5-D0EC-4C71-B608-BFE4FECE2E00}.Debug|x64.ActiveCfg = Debug|Any CPU
		{2F8A8FA5-D0EC-4C71-B608-BFE4FECE2E00}.Debug|x64.Build.0 = Debug|Any CPU
		{2F8A8FA5-D0EC-4C71-B608-BFE4FECE2E00}.Debug|x86.ActiveCfg = Debug|Any CPU
		{2F8A8FA5-D0EC-4C71-B608-BFE4FECE2E00}.Debug|x86.Build.0 = Debug|Any CPU
		{2F8A8FA5-D0EC-4C71-B608-BFE4FECE2E00}.Release|Any CPU.ActiveCfg = Release|Any CPU
		{2F8A8FA5-D0EC-4C71-B608-BFE4FECE2E00}.Release|Any CPU.Build.0 = Release|Any CPU
		{2F8A8FA5-D0EC-4C71-B608-BFE4FECE2E00}.Release|x64.ActiveCfg = Release|Any CPU
		{2F8A8FA5-D0EC-4C71-B608-BFE4FECE2E00}.Release|x64.Build.0 = Release|Any CPU
		{2F8A8FA5-D0EC-4C71-B608-BFE4FECE2E00}.Release|x86.ActiveCfg = Release|Any CPU
		{2F8A8FA5-D0EC-4C71-B608-BFE4FECE2E00}.Release|x86.Build.0 = Release|Any CPU
		{0D23CED0-4F16-4798-9692-82C1625E6645}.Debug|Any CPU.ActiveCfg = Debug|Any CPU
		{0D23CED0-4F16-4798-9692-82C1625E6645}.Debug|Any CPU.Build.0 = Debug|Any CPU
		{0D23CED0-4F16-4798-9692-82C1625E6645}.Debug|x64.ActiveCfg = Debug|Any CPU
		{0D23CED0-4F16-4798-9692-82C1625E6645}.Debug|x64.Build.0 = Debug|Any CPU
		{0D23CED0-4F16-4798-9692-82C1625E6645}.Debug|x86.ActiveCfg = Debug|Any CPU
		{0D23CED0-4F16-4798-9692-82C1625E6645}.Debug|x86.Build.0 = Debug|Any CPU
		{0D23CED0-4F16-4798-9692-82C1625E6645}.Release|Any CPU.ActiveCfg = Release|Any CPU
		{0D23CED0-4F16-4798-9692-82C1625E6645}.Release|Any CPU.Build.0 = Release|Any CPU
		{0D23CED0-4F16-4798-9692-82C1625E6645}.Release|x64.ActiveCfg = Release|Any CPU
		{0D23CED0-4F16-4798-9692-82C1625E6645}.Release|x64.Build.0 = Release|Any CPU
		{0D23CED0-4F16-4798-9692-82C1625E6645}.Release|x86.ActiveCfg = Release|Any CPU
		{0D23CED0-4F16-4798-9692-82C1625E6645}.Release|x86.Build.0 = Release|Any CPU
		{73BA93A9-C09A-4046-A190-9612519DD434}.Debug|Any CPU.ActiveCfg = Debug|Any CPU
		{73BA93A9-C09A-4046-A190-9612519DD434}.Debug|Any CPU.Build.0 = Debug|Any CPU
		{73BA93A9-C09A-4046-A190-9612519DD434}.Debug|x64.ActiveCfg = Debug|Any CPU
		{73BA93A9-C09A-4046-A190-9612519DD434}.Debug|x64.Build.0 = Debug|Any CPU
		{73BA93A9-C09A-4046-A190-9612519DD434}.Debug|x86.ActiveCfg = Debug|x86
		{73BA93A9-C09A-4046-A190-9612519DD434}.Debug|x86.Build.0 = Debug|x86
		{73BA93A9-C09A-4046-A190-9612519DD434}.Release|Any CPU.ActiveCfg = Release|Any CPU
		{73BA93A9-C09A-4046-A190-9612519DD434}.Release|Any CPU.Build.0 = Release|Any CPU
		{73BA93A9-C09A-4046-A190-9612519DD434}.Release|x64.ActiveCfg = Release|x64
		{73BA93A9-C09A-4046-A190-9612519DD434}.Release|x64.Build.0 = Release|x64
		{73BA93A9-C09A-4046-A190-9612519DD434}.Release|x86.ActiveCfg = Release|x86
		{73BA93A9-C09A-4046-A190-9612519DD434}.Release|x86.Build.0 = Release|x86
		{52B25C79-A453-4EE2-A7CB-88D249B00062}.Debug|Any CPU.ActiveCfg = Debug|Any CPU
		{52B25C79-A453-4EE2-A7CB-88D249B00062}.Debug|Any CPU.Build.0 = Debug|Any CPU
		{52B25C79-A453-4EE2-A7CB-88D249B00062}.Debug|Any CPU.Deploy.0 = Debug|Any CPU
		{52B25C79-A453-4EE2-A7CB-88D249B00062}.Debug|x64.ActiveCfg = Debug|Any CPU
		{52B25C79-A453-4EE2-A7CB-88D249B00062}.Debug|x64.Build.0 = Debug|Any CPU
		{52B25C79-A453-4EE2-A7CB-88D249B00062}.Debug|x64.Deploy.0 = Debug|Any CPU
		{52B25C79-A453-4EE2-A7CB-88D249B00062}.Debug|x86.ActiveCfg = Debug|Any CPU
		{52B25C79-A453-4EE2-A7CB-88D249B00062}.Debug|x86.Build.0 = Debug|Any CPU
		{52B25C79-A453-4EE2-A7CB-88D249B00062}.Debug|x86.Deploy.0 = Debug|Any CPU
		{52B25C79-A453-4EE2-A7CB-88D249B00062}.Release|Any CPU.ActiveCfg = Release|Any CPU
		{52B25C79-A453-4EE2-A7CB-88D249B00062}.Release|Any CPU.Build.0 = Release|Any CPU
		{52B25C79-A453-4EE2-A7CB-88D249B00062}.Release|Any CPU.Deploy.0 = Release|Any CPU
		{52B25C79-A453-4EE2-A7CB-88D249B00062}.Release|x64.ActiveCfg = Release|Any CPU
		{52B25C79-A453-4EE2-A7CB-88D249B00062}.Release|x64.Build.0 = Release|Any CPU
		{52B25C79-A453-4EE2-A7CB-88D249B00062}.Release|x64.Deploy.0 = Release|Any CPU
		{52B25C79-A453-4EE2-A7CB-88D249B00062}.Release|x86.ActiveCfg = Release|Any CPU
		{52B25C79-A453-4EE2-A7CB-88D249B00062}.Release|x86.Build.0 = Release|Any CPU
		{52B25C79-A453-4EE2-A7CB-88D249B00062}.Release|x86.Deploy.0 = Release|Any CPU
		{9815633C-6E30-42D2-A000-0E600ACFD91C}.Debug|Any CPU.ActiveCfg = Debug|Any CPU
		{9815633C-6E30-42D2-A000-0E600ACFD91C}.Debug|Any CPU.Build.0 = Debug|Any CPU
		{9815633C-6E30-42D2-A000-0E600ACFD91C}.Debug|x64.ActiveCfg = Debug|Any CPU
		{9815633C-6E30-42D2-A000-0E600ACFD91C}.Debug|x64.Build.0 = Debug|Any CPU
		{9815633C-6E30-42D2-A000-0E600ACFD91C}.Debug|x86.ActiveCfg = Debug|Any CPU
		{9815633C-6E30-42D2-A000-0E600ACFD91C}.Debug|x86.Build.0 = Debug|Any CPU
		{9815633C-6E30-42D2-A000-0E600ACFD91C}.Release|Any CPU.ActiveCfg = Release|Any CPU
		{9815633C-6E30-42D2-A000-0E600ACFD91C}.Release|Any CPU.Build.0 = Release|Any CPU
		{9815633C-6E30-42D2-A000-0E600ACFD91C}.Release|x64.ActiveCfg = Release|Any CPU
		{9815633C-6E30-42D2-A000-0E600ACFD91C}.Release|x64.Build.0 = Release|Any CPU
		{9815633C-6E30-42D2-A000-0E600ACFD91C}.Release|x86.ActiveCfg = Release|Any CPU
		{9815633C-6E30-42D2-A000-0E600ACFD91C}.Release|x86.Build.0 = Release|Any CPU
	EndGlobalSection
	GlobalSection(SolutionProperties) = preSolution
		HideSolutionNode = FALSE
	EndGlobalSection
	GlobalSection(ExtensibilityGlobals) = postSolution
		SolutionGuid = {49132D59-C277-4778-AC24-D51E1E617A2E}
	EndGlobalSection
EndGlobal
